
Microsoft Visual Studio Solution File, Format Version 12.00
Project("{2150E333-8FDC-42A3-9474-1A3956D46DE8}") = "src", "src", "{88E22E5F-A0C2-41FD-B079-00645F32B069}"
EndProject
Project("{FAE04EC0-301F-11D3-BF4B-00C04F79EFBC}") = "Spotless.Domain", "src\Spotless.Domain\Spotless.Domain.csproj", "{C10F555F-9A16-4102-9953-A1787C0D8DD9}"
EndProject
Project("{FAE04EC0-301F-11D3-BF4B-00C04F79EFBC}") = "Spotless.Application", "src\Spotless.Application\Spotless.Application.csproj", "{39E7BE02-D472-47B0-9CA9-A11F59E73620}"
EndProject
Project("{FAE04EC0-301F-11D3-BF4B-00C04F79EFBC}") = "Spotless.Infrastructure", "src\Spotless.Infrastructure\Spotless.Infrastructure.csproj", "{1E074A5A-03C5-4BE8-AB53-A67752FDEABB}"
EndProject
Project("{FAE04EC0-301F-11D3-BF4B-00C04F79EFBC}") = "Spotless.Identity", "src\Spotless.Identity\Spotless.Identity.csproj", "{92180D57-EA41-43F3-B991-94D31C9AB6BE}"
EndProject
Project("{FAE04EC0-301F-11D3-BF4B-00C04F79EFBC}") = "Spotless.Persistence", "src\Spotless.Persistence\Spotless.Persistence.csproj", "{1D9926D3-55A0-4DC3-9BFD-D657FBE34D8A}"
EndProject
Project("{FAE04EC0-301F-11D3-BF4B-00C04F79EFBC}") = "Spotless.Shared", "src\Spotless.Shared\Spotless.Shared.csproj", "{94014EB2-4940-44E3-97A4-DD0BF7D8C35B}"
EndProject
Project("{FAE04EC0-301F-11D3-BF4B-00C04F79EFBC}") = "Spotless.WebAPI", "src\Spotless.WebAPI\Spotless.WebAPI.csproj", "{0C54A058-CBE7-47D0-AFEB-7AD1642CE373}"
EndProject
Project("{FAE04EC0-301F-11D3-BF4B-00C04F79EFBC}") = "Spotless.Bootstrapper", "src\Spotless.Bootstrapper\Spotless.Bootstrapper.csproj", "{766D07F3-1BFE-4AB2-90DC-54028C06811C}"
EndProject
Global
	GlobalSection(SolutionConfigurationPlatforms) = preSolution
		Debug|Any CPU = Debug|Any CPU
		Release|Any CPU = Release|Any CPU
	EndGlobalSection
	GlobalSection(NestedProjects) = preSolution
		{C10F555F-9A16-4102-9953-A1787C0D8DD9} = {88E22E5F-A0C2-41FD-B079-00645F32B069}
		{39E7BE02-D472-47B0-9CA9-A11F59E73620} = {88E22E5F-A0C2-41FD-B079-00645F32B069}
		{1E074A5A-03C5-4BE8-AB53-A67752FDEABB} = {88E22E5F-A0C2-41FD-B079-00645F32B069}
		{92180D57-EA41-43F3-B991-94D31C9AB6BE} = {88E22E5F-A0C2-41FD-B079-00645F32B069}
		{1D9926D3-55A0-4DC3-9BFD-D657FBE34D8A} = {88E22E5F-A0C2-41FD-B079-00645F32B069}
		{94014EB2-4940-44E3-97A4-DD0BF7D8C35B} = {88E22E5F-A0C2-41FD-B079-00645F32B069}
		{0C54A058-CBE7-47D0-AFEB-7AD1642CE373} = {88E22E5F-A0C2-41FD-B079-00645F32B069}
		{766D07F3-1BFE-4AB2-90DC-54028C06811C} = {88E22E5F-A0C2-41FD-B079-00645F32B069}
	EndGlobalSection
	GlobalSection(ProjectConfigurationPlatforms) = postSolution
		{C10F555F-9A16-4102-9953-A1787C0D8DD9}.Debug|Any CPU.ActiveCfg = Debug|Any CPU
		{C10F555F-9A16-4102-9953-A1787C0D8DD9}.Debug|Any CPU.Build.0 = Debug|Any CPU
		{C10F555F-9A16-4102-9953-A1787C0D8DD9}.Release|Any CPU.ActiveCfg = Release|Any CPU
		{C10F555F-9A16-4102-9953-A1787C0D8DD9}.Release|Any CPU.Build.0 = Release|Any CPU
		{39E7BE02-D472-47B0-9CA9-A11F59E73620}.Debug|Any CPU.ActiveCfg = Debug|Any CPU
		{39E7BE02-D472-47B0-9CA9-A11F59E73620}.Debug|Any CPU.Build.0 = Debug|Any CPU
		{39E7BE02-D472-47B0-9CA9-A11F59E73620}.Release|Any CPU.ActiveCfg = Release|Any CPU
		{39E7BE02-D472-47B0-9CA9-A11F59E73620}.Release|Any CPU.Build.0 = Release|Any CPU
		{1E074A5A-03C5-4BE8-AB53-A67752FDEABB}.Debug|Any CPU.ActiveCfg = Debug|Any CPU
		{1E074A5A-03C5-4BE8-AB53-A67752FDEABB}.Debug|Any CPU.Build.0 = Debug|Any CPU
		{1E074A5A-03C5-4BE8-AB53-A67752FDEABB}.Release|Any CPU.ActiveCfg = Release|Any CPU
		{1E074A5A-03C5-4BE8-AB53-A67752FDEABB}.Release|Any CPU.Build.0 = Release|Any CPU
		{92180D57-EA41-43F3-B991-94D31C9AB6BE}.Debug|Any CPU.ActiveCfg = Debug|Any CPU
		{92180D57-EA41-43F3-B991-94D31C9AB6BE}.Debug|Any CPU.Build.0 = Debug|Any CPU
		{92180D57-EA41-43F3-B991-94D31C9AB6BE}.Release|Any CPU.ActiveCfg = Release|Any CPU
		{92180D57-EA41-43F3-B991-94D31C9AB6BE}.Release|Any CPU.Build.0 = Release|Any CPU
		{1D9926D3-55A0-4DC3-9BFD-D657FBE34D8A}.Debug|Any CPU.ActiveCfg = Debug|Any CPU
		{1D9926D3-55A0-4DC3-9BFD-D657FBE34D8A}.Debug|Any CPU.Build.0 = Debug|Any CPU
		{1D9926D3-55A0-4DC3-9BFD-D657FBE34D8A}.Release|Any CPU.ActiveCfg = Release|Any CPU
		{1D9926D3-55A0-4DC3-9BFD-D657FBE34D8A}.Release|Any CPU.Build.0 = Release|Any CPU
		{94014EB2-4940-44E3-97A4-DD0BF7D8C35B}.Debug|Any CPU.ActiveCfg = Debug|Any CPU
		{94014EB2-4940-44E3-97A4-DD0BF7D8C35B}.Debug|Any CPU.Build.0 = Debug|Any CPU
		{94014EB2-4940-44E3-97A4-DD0BF7D8C35B}.Release|Any CPU.ActiveCfg = Release|Any CPU
		{94014EB2-4940-44E3-97A4-DD0BF7D8C35B}.Release|Any CPU.Build.0 = Release|Any CPU
		{0C54A058-CBE7-47D0-AFEB-7AD1642CE373}.Debug|Any CPU.ActiveCfg = Debug|Any CPU
		{0C54A058-CBE7-47D0-AFEB-7AD1642CE373}.Debug|Any CPU.Build.0 = Debug|Any CPU
		{0C54A058-CBE7-47D0-AFEB-7AD1642CE373}.Release|Any CPU.ActiveCfg = Release|Any CPU
		{0C54A058-CBE7-47D0-AFEB-7AD1642CE373}.Release|Any CPU.Build.0 = Release|Any CPU
		{766D07F3-1BFE-4AB2-90DC-54028C06811C}.Debug|Any CPU.ActiveCfg = Debug|Any CPU
		{766D07F3-1BFE-4AB2-90DC-54028C06811C}.Debug|Any CPU.Build.0 = Debug|Any CPU
		{766D07F3-1BFE-4AB2-90DC-54028C06811C}.Release|Any CPU.ActiveCfg = Release|Any CPU
		{766D07F3-1BFE-4AB2-90DC-54028C06811C}.Release|Any CPU.Build.0 = Release|Any CPU
	EndGlobalSection
EndGlobal
